<?xml version="1.0" encoding="utf-8"?>
<Project ToolsVersion="4.0" xmlns="http://schemas.microsoft.com/developer/msbuild/2003">
  <ItemGroup>
    <Filter Include="00.MainApp">
      <UniqueIdentifier>{f8556dc7-9e77-480a-99db-7640f7e87f0e}</UniqueIdentifier>
    </Filter>
    <Filter Include="98. Etc">
      <UniqueIdentifier>{46bac45f-a1aa-4e1b-9f24-751169c4c629}</UniqueIdentifier>
    </Filter>
    <Filter Include="99. Executable">
      <UniqueIdentifier>{3ff1c75a-856f-49c7-87f7-cb9677ccb336}</UniqueIdentifier>
    </Filter>
    <Filter Include="98. Etc\Header">
      <UniqueIdentifier>{95688f68-f80d-4d35-84c5-ad80729bed80}</UniqueIdentifier>
    </Filter>
    <Filter Include="98. Etc\Define">
      <UniqueIdentifier>{7e3f2547-289b-460f-a525-e9d47be9604c}</UniqueIdentifier>
    </Filter>
    <Filter Include="98. Etc\pch">
      <UniqueIdentifier>{234e3251-2857-4978-8f02-294b8e756089}</UniqueIdentifier>
    </Filter>
    <Filter Include="01 Level">
      <UniqueIdentifier>{795b4a32-0b2f-4282-a49b-529f726a0d30}</UniqueIdentifier>
    </Filter>
    <Filter Include="02. Object">
      <UniqueIdentifier>{9d49eddb-6840-4bc6-880d-0d0c3357bf32}</UniqueIdentifier>
    </Filter>
    <Filter Include="03. Object Component">
      <UniqueIdentifier>{69e440ec-1c31-43d8-875b-b51069bffdbc}</UniqueIdentifier>
    </Filter>
    <Filter Include="01 Level\EffectEditorLevel">
      <UniqueIdentifier>{45a87f48-0bf2-4cb7-829d-2e0106a3d879}</UniqueIdentifier>
    </Filter>
    <Filter Include="02. Object\Effect Container">
      <UniqueIdentifier>{a8c07db8-de35-436f-9745-5d89ba91430e}</UniqueIdentifier>
    </Filter>
    <Filter Include="02. Object\Effect Container\Effect Node">
      <UniqueIdentifier>{c487e8db-970a-4776-8ce9-f3ac6bbdbb38}</UniqueIdentifier>
    </Filter>
    <Filter Include="02. Object\EffectEditorCam">
      <UniqueIdentifier>{1833bfe7-2200-4d75-9877-2f281600b427}</UniqueIdentifier>
    </Filter>
    <Filter Include="02. Object\Grid">
      <UniqueIdentifier>{c776a68e-6d01-46ed-9dd6-d954df110d8f}</UniqueIdentifier>
    </Filter>
    <Filter Include="98. Etc\ShaderFiles">
      <UniqueIdentifier>{e7b69cf1-9ef4-4371-b647-d63a8831ea2f}</UniqueIdentifier>
    </Filter>
    <Filter Include="02. Object\EffectEditorLight">
      <UniqueIdentifier>{4f63b21b-239f-4928-93d8-4ada524094ad}</UniqueIdentifier>
    </Filter>
    <Filter Include="01 Level\EffectEditPanel">
      <UniqueIdentifier>{df72a6cf-525f-4ed7-ae3d-7b25b676874b}</UniqueIdentifier>
    </Filter>
  </ItemGroup>
  <ItemGroup>
    <ClInclude Include="EffectEditor.h">
      <Filter>98. Etc\Header</Filter>
    </ClInclude>
    <ClInclude Include="framework.h">
      <Filter>98. Etc\Header</Filter>
    </ClInclude>
    <ClInclude Include="Resource.h">
      <Filter>98. Etc\Header</Filter>
    </ClInclude>
    <ClInclude Include="targetver.h">
      <Filter>98. Etc\Header</Filter>
    </ClInclude>
    <ClInclude Include="pch.h">
      <Filter>98. Etc\pch</Filter>
    </ClInclude>
    <ClInclude Include="..\public\EffectEditor_Defines.h">
      <Filter>98. Etc\Define</Filter>
    </ClInclude>
    <ClInclude Include="..\public\MainApp.h">
      <Filter>00.MainApp</Filter>
    </ClInclude>
    <ClInclude Include="..\public\EffectEditorLevel.h">
      <Filter>01 Level\EffectEditorLevel</Filter>
    </ClInclude>
    <ClInclude Include="..\public\Editor_EffectContainer.h">
      <Filter>02. Object\Effect Container</Filter>
    </ClInclude>
    <ClInclude Include="..\public\Editor_EffectNode.h">
      <Filter>02. Object\Effect Container\Effect Node</Filter>
    </ClInclude>
    <ClInclude Include="..\public\EffectEditorCamera.h">
      <Filter>02. Object\EffectEditorCam</Filter>
    </ClInclude>
    <ClInclude Include="..\public\EffectEditorGrid.h">
      <Filter>02. Object\Grid</Filter>
    </ClInclude>
    <ClInclude Include="..\public\EffectEditorLight.h">
      <Filter>02. Object\EffectEditorLight</Filter>
    </ClInclude>
    <ClInclude Include="..\public\EffectEditPanel.h">
      <Filter>01 Level\EffectEditPanel</Filter>
    </ClInclude>
  </ItemGroup>
  <ItemGroup>
    <ClCompile Include="EffectEditor.cpp">
      <Filter>99. Executable</Filter>
    </ClCompile>
    <ClCompile Include="pch.cpp">
      <Filter>98. Etc\pch</Filter>
    </ClCompile>
    <ClCompile Include="..\private\MainApp.cpp">
      <Filter>00.MainApp</Filter>
    </ClCompile>
    <ClCompile Include="..\private\EffectEditorLevel.cpp">
      <Filter>01 Level\EffectEditorLevel</Filter>
    </ClCompile>
    <ClCompile Include="..\private\Editor_EffectContainer.cpp">
      <Filter>02. Object\Effect Container</Filter>
    </ClCompile>
    <ClCompile Include="..\private\Editor_EffectNode.cpp">
      <Filter>02. Object\Effect Container\Effect Node</Filter>
    </ClCompile>
    <ClCompile Include="..\private\EffectEditorCamera.cpp">
      <Filter>02. Object\EffectEditorCam</Filter>
    </ClCompile>
    <ClCompile Include="..\private\EffectEditorGrid.cpp">
      <Filter>02. Object\Grid</Filter>
    </ClCompile>
    <ClCompile Include="..\private\EffectEditorLight.cpp">
      <Filter>02. Object\EffectEditorLight</Filter>
    </ClCompile>
    <ClCompile Include="..\private\EffectEditPanel.cpp">
      <Filter>01 Level\EffectEditPanel</Filter>
    </ClCompile>
  </ItemGroup>
  <ItemGroup>
    <Image Include="EffectEditor.ico">
      <Filter>98. Etc\Header</Filter>
    </Image>
    <Image Include="small.ico">
      <Filter>98. Etc\Header</Filter>
    </Image>
  </ItemGroup>
  <ItemGroup>
    <ResourceCompile Include="EffectEditor.rc">
      <Filter>98. Etc\Header</Filter>
    </ResourceCompile>
  </ItemGroup>
  <ItemGroup>
    <FxCompile Include="..\bin\shaderfiles\Shader_VtxSkinnedMesh.hlsl">
      <Filter>98. Etc\ShaderFiles</Filter>
    </FxCompile>
    <FxCompile Include="..\bin\shaderfiles\Shader_VtxTex.hlsl">
      <Filter>98. Etc\ShaderFiles</Filter>
    </FxCompile>
    <FxCompile Include="..\bin\shaderfiles\Shader_VtxCube.hlsl">
      <Filter>98. Etc\ShaderFiles</Filter>
    </FxCompile>
    <FxCompile Include="..\bin\shaderfiles\Shader_VtxMesh.hlsl">
      <Filter>98. Etc\ShaderFiles</Filter>
    </FxCompile>
    <FxCompile Include="..\bin\shaderfiles\Shader_VtxNorTex.hlsl">
      <Filter>98. Etc\ShaderFiles</Filter>
    </FxCompile>
    <FxCompile Include="..\bin\shaderfiles\Shader_VtxPoint.hlsl">
      <Filter>98. Etc\ShaderFiles</Filter>
    </FxCompile>
    <FxCompile Include="..\bin\shaderfiles\Shader_Grid.hlsl">
      <Filter>98. Etc\ShaderFiles</Filter>
    </FxCompile>
  </ItemGroup>
</Project>