<?xml version="1.0" encoding="utf-8"?>
<Project ToolsVersion="4.0" xmlns="http://schemas.microsoft.com/developer/msbuild/2003">
  <ItemGroup>
    <Filter Include="00. MainApp">
      <UniqueIdentifier>{ca4e05e7-a496-45c6-8654-e24290afe110}</UniqueIdentifier>
    </Filter>
    <Filter Include="01. Level">
      <UniqueIdentifier>{e56f6fec-71e0-4a3e-ba88-ec1476684ab3}</UniqueIdentifier>
    </Filter>
    <Filter Include="98. Etc">
      <UniqueIdentifier>{fb47e7b4-2d50-43d7-9f48-87ea518f86c4}</UniqueIdentifier>
    </Filter>
    <Filter Include="99. Executable">
      <UniqueIdentifier>{18a5d64d-b279-41ec-a499-22a1f0f1c834}</UniqueIdentifier>
    </Filter>
    <Filter Include="98. Etc\Header">
      <UniqueIdentifier>{5e1ff829-0c70-45cd-ab67-84e70996d4a3}</UniqueIdentifier>
    </Filter>
    <Filter Include="98. Etc\pch">
      <UniqueIdentifier>{b38b58d3-f3d1-4a40-8cf0-02daf80f89db}</UniqueIdentifier>
    </Filter>
    <Filter Include="98. Etc\Defines">
      <UniqueIdentifier>{6e2b4b53-20c7-4a56-9383-b6dea40dbf5e}</UniqueIdentifier>
    </Filter>
    <Filter Include="02. Level Component">
      <UniqueIdentifier>{cb1451eb-b470-4ed4-912d-565e65b01a97}</UniqueIdentifier>
    </Filter>
    <Filter Include="03. Object">
      <UniqueIdentifier>{5d5c350e-d806-4c3a-bf44-ee34e5766126}</UniqueIdentifier>
    </Filter>
    <Filter Include="04. Object Component">
      <UniqueIdentifier>{6a962511-1ace-4899-a68e-46922c2e9e05}</UniqueIdentifier>
    </Filter>
    <Filter Include="02. Level Component\MapEditorPanel">
      <UniqueIdentifier>{ebaebb85-2a72-453a-a956-09e506eeef21}</UniqueIdentifier>
    </Filter>
    <Filter Include="01. Level\EditorLevel">
      <UniqueIdentifier>{0678268d-26a6-4d5d-8c60-71589910ea6a}</UniqueIdentifier>
    </Filter>
    <Filter Include="98. Etc\ShaderFiles">
      <UniqueIdentifier>{e3b87e0b-d638-4e68-8841-fd1ea0bb3b0e}</UniqueIdentifier>
    </Filter>
    <Filter Include="03. Object\Preview Object">
      <UniqueIdentifier>{991df1cd-883c-41c5-a6a0-8a16912b0540}</UniqueIdentifier>
    </Filter>
    <Filter Include="03. Object\EditorCamera">
      <UniqueIdentifier>{19c5f892-fbab-4ab6-9dd3-8fb22452ab49}</UniqueIdentifier>
    </Filter>
    <Filter Include="03. Object\EditorLight">
      <UniqueIdentifier>{7814f656-85b1-45ac-8efd-bbb2b17003f9}</UniqueIdentifier>
    </Filter>
    <Filter Include="03. Object\Chunk">
      <UniqueIdentifier>{c7b117fe-1068-4d92-b8c8-dc11480a2350}</UniqueIdentifier>
    </Filter>
    <Filter Include="03. Object\Chunk\GridBuffer">
      <UniqueIdentifier>{6e193719-267a-46d0-b6f6-69ec1a9f8dd7}</UniqueIdentifier>
    </Filter>
    <Filter Include="02. Level Component\PickingSystem">
      <UniqueIdentifier>{ac05541f-0c33-428a-aa09-0ec7bcfe5490}</UniqueIdentifier>
    </Filter>
    <Filter Include="04. Object Component\Pickable Component">
      <UniqueIdentifier>{896e645d-dd1b-444b-a5da-b776974a7172}</UniqueIdentifier>
    </Filter>
    <Filter Include="04. Object Component\Pickable Component\ChunkPickable">
      <UniqueIdentifier>{1fe3a464-5bb4-4902-968a-e44dcf66b89f}</UniqueIdentifier>
    </Filter>
    <Filter Include="04. Object Component\Pickable Component\ModelPickable">
      <UniqueIdentifier>{b097a0e1-1812-4ce3-9249-83119eeca898}</UniqueIdentifier>
    </Filter>
    <Filter Include="04. Object Component\MakePrefab Component">
      <UniqueIdentifier>{dd5755cb-675b-4019-85f2-48b38d84a4cc}</UniqueIdentifier>
    </Filter>
    <Filter Include="98. Etc\nfd">
      <UniqueIdentifier>{f35380b5-dadc-4862-8723-800940151df5}</UniqueIdentifier>
    </Filter>
    <Filter Include="04. Object Component\Pickable Component\NavPickable">
      <UniqueIdentifier>{fbc7dd3b-3306-4cd1-bf04-ddb0b93f1a77}</UniqueIdentifier>
    </Filter>
    <Filter Include="04. Object Component\NavData Component">
      <UniqueIdentifier>{5786e496-ebff-470d-8944-c4b7cb049762}</UniqueIdentifier>
    </Filter>
    <Filter Include="03. Object\NavMesh Object">
      <UniqueIdentifier>{64a9dfbb-1f81-4f0d-ac9a-ba99efa02d49}</UniqueIdentifier>
    </Filter>
    <Filter Include="03. Object\Door">
      <UniqueIdentifier>{785033fe-e2ab-4a1c-8d4a-9bf3b0b5fde6}</UniqueIdentifier>
    </Filter>
    <Filter Include="03. Object\Door\Door_L">
      <UniqueIdentifier>{0b2a987a-acff-4e99-87a3-4d47e66e00fd}</UniqueIdentifier>
    </Filter>
    <Filter Include="03. Object\Door\Door_R">
      <UniqueIdentifier>{63ec1c71-05ff-4064-a0e1-bf827ab802f5}</UniqueIdentifier>
    </Filter>
    <Filter Include="03. Object\EnemySpawner">
      <UniqueIdentifier>{ca843912-79c3-4ab2-951c-719a33a10373}</UniqueIdentifier>
    </Filter>
  </ItemGroup>
  <ItemGroup>
    <ClInclude Include="framework.h">
      <Filter>98. Etc\Header</Filter>
    </ClInclude>
    <ClInclude Include="MapEditor.h">
      <Filter>98. Etc\Header</Filter>
    </ClInclude>
    <ClInclude Include="Resource.h">
      <Filter>98. Etc\Header</Filter>
    </ClInclude>
    <ClInclude Include="targetver.h">
      <Filter>98. Etc\Header</Filter>
    </ClInclude>
    <ClInclude Include="MapEditorPCH.h">
      <Filter>98. Etc\pch</Filter>
    </ClInclude>
    <ClInclude Include="..\public\MapEditor_Defines.h">
      <Filter>98. Etc\Defines</Filter>
    </ClInclude>
    <ClInclude Include="..\public\MainApp.h">
      <Filter>00. MainApp</Filter>
    </ClInclude>
    <ClInclude Include="..\public\MapEditorPanel.h">
      <Filter>02. Level Component\MapEditorPanel</Filter>
    </ClInclude>
    <ClInclude Include="..\public\EditorLevel.h">
      <Filter>01. Level\EditorLevel</Filter>
    </ClInclude>
    <ClInclude Include="..\public\PreviewObject.h">
      <Filter>03. Object\Preview Object</Filter>
    </ClInclude>
    <ClInclude Include="..\public\MapEditorCamera.h">
      <Filter>03. Object\EditorCamera</Filter>
    </ClInclude>
    <ClInclude Include="..\public\MapEditorLight.h">
      <Filter>03. Object\EditorLight</Filter>
    </ClInclude>
    <ClInclude Include="..\public\Chunk.h">
      <Filter>03. Object\Chunk</Filter>
    </ClInclude>
    <ClInclude Include="..\public\VIBufferGrid.h">
      <Filter>03. Object\Chunk\GridBuffer</Filter>
    </ClInclude>
    <ClInclude Include="..\public\PickingSystem.h">
      <Filter>02. Level Component\PickingSystem</Filter>
    </ClInclude>
    <ClInclude Include="..\public\PickableComponent.h">
      <Filter>04. Object Component\Pickable Component</Filter>
    </ClInclude>
    <ClInclude Include="..\public\ChunkPickable.h">
      <Filter>04. Object Component\Pickable Component\ChunkPickable</Filter>
    </ClInclude>
    <ClInclude Include="..\public\ModelPickable.h">
      <Filter>04. Object Component\Pickable Component\ModelPickable</Filter>
    </ClInclude>
    <ClInclude Include="..\public\MakePrefabComponent.h">
      <Filter>04. Object Component\MakePrefab Component</Filter>
    </ClInclude>
    <ClInclude Include="..\..\EngineSDK\inc\nfd\common.h">
      <Filter>98. Etc\nfd</Filter>
    </ClInclude>
    <ClInclude Include="..\..\EngineSDK\inc\nfd\nfd.h">
      <Filter>98. Etc\nfd</Filter>
    </ClInclude>
    <ClInclude Include="..\..\EngineSDK\inc\nfd\nfd_common.h">
      <Filter>98. Etc\nfd</Filter>
    </ClInclude>
    <ClInclude Include="..\public\NavMeshObject.h">
      <Filter>03. Object\NavMesh Object</Filter>
    </ClInclude>
    <ClInclude Include="..\public\MapEditor_Struct.h">
      <Filter>98. Etc\Defines</Filter>
    </ClInclude>
    <ClInclude Include="..\public\NavPickable.h">
      <Filter>04. Object Component\Pickable Component\NavPickable</Filter>
    </ClInclude>
    <ClInclude Include="..\public\NavDataComponent.h">
      <Filter>04. Object Component\NavData Component</Filter>
    </ClInclude>
    <ClInclude Include="..\public\Door.h">
      <Filter>03. Object\Door</Filter>
    </ClInclude>
    <ClInclude Include="..\public\Door_L.h">
      <Filter>03. Object\Door\Door_L</Filter>
    </ClInclude>
    <ClInclude Include="..\public\Door_R.h">
      <Filter>03. Object\Door\Door_R</Filter>
    </ClInclude>
    <ClInclude Include="..\public\EnemySpawner.h">
      <Filter>03. Object\EnemySpawner</Filter>
    </ClInclude>
  </ItemGroup>
  <ItemGroup>
    <ClCompile Include="MapEditorPCH.cpp">
      <Filter>98. Etc\pch</Filter>
    </ClCompile>
    <ClCompile Include="MapEditor.cpp">
      <Filter>99. Executable</Filter>
    </ClCompile>
    <ClCompile Include="..\private\MainApp.cpp">
      <Filter>00. MainApp</Filter>
    </ClCompile>
    <ClCompile Include="..\private\MapEditorPanel.cpp">
      <Filter>02. Level Component\MapEditorPanel</Filter>
    </ClCompile>
    <ClCompile Include="..\private\EditorLevel.cpp">
      <Filter>01. Level\EditorLevel</Filter>
    </ClCompile>
    <ClCompile Include="..\private\PreviewObject.cpp">
      <Filter>03. Object\Preview Object</Filter>
    </ClCompile>
    <ClCompile Include="..\private\MapEditorCamera.cpp">
      <Filter>03. Object\EditorCamera</Filter>
    </ClCompile>
    <ClCompile Include="..\private\MapEditorLight.cpp">
      <Filter>03. Object\EditorLight</Filter>
    </ClCompile>
    <ClCompile Include="..\private\Chunk.cpp">
      <Filter>03. Object\Chunk</Filter>
    </ClCompile>
    <ClCompile Include="..\private\VIBufferGrid.cpp">
      <Filter>03. Object\Chunk\GridBuffer</Filter>
    </ClCompile>
    <ClCompile Include="..\private\PickingSystem.cpp">
      <Filter>02. Level Component\PickingSystem</Filter>
    </ClCompile>
    <ClCompile Include="..\private\PickableComponent.cpp">
      <Filter>04. Object Component\Pickable Component</Filter>
    </ClCompile>
    <ClCompile Include="..\private\ChunkPickable.cpp">
      <Filter>04. Object Component\Pickable Component\ChunkPickable</Filter>
    </ClCompile>
    <ClCompile Include="..\private\ModelPickable.cpp">
      <Filter>04. Object Component\Pickable Component\ModelPickable</Filter>
    </ClCompile>
    <ClCompile Include="..\private\MakePrefabComponent.cpp">
      <Filter>04. Object Component\MakePrefab Component</Filter>
    </ClCompile>
    <ClCompile Include="..\..\EngineSDK\inc\nfd\nfd_common.c">
      <Filter>98. Etc\nfd</Filter>
    </ClCompile>
    <ClCompile Include="..\..\EngineSDK\inc\nfd\nfd_win.cpp">
      <Filter>98. Etc\nfd</Filter>
    </ClCompile>
    <ClCompile Include="..\private\NavMeshObject.cpp">
      <Filter>03. Object\NavMesh Object</Filter>
    </ClCompile>
    <ClCompile Include="..\private\NavPickable.cpp">
      <Filter>04. Object Component\Pickable Component\NavPickable</Filter>
    </ClCompile>
    <ClCompile Include="..\private\NavDataComponent.cpp">
      <Filter>04. Object Component\NavData Component</Filter>
    </ClCompile>
    <ClCompile Include="..\private\Door.cpp">
      <Filter>03. Object\Door</Filter>
    </ClCompile>
    <ClCompile Include="..\private\Door_L.cpp">
      <Filter>03. Object\Door\Door_L</Filter>
    </ClCompile>
    <ClCompile Include="..\private\Door_R.cpp">
      <Filter>03. Object\Door\Door_R</Filter>
    </ClCompile>
    <ClCompile Include="..\private\EnemySpawner.cpp">
      <Filter>03. Object\EnemySpawner</Filter>
    </ClCompile>
  </ItemGroup>
  <ItemGroup>
    <Image Include="MapEditor.ico">
      <Filter>98. Etc\Header</Filter>
    </Image>
    <Image Include="small.ico">
      <Filter>98. Etc\Header</Filter>
    </Image>
  </ItemGroup>
  <ItemGroup>
    <ResourceCompile Include="MapEditor.rc">
      <Filter>98. Etc\Header</Filter>
    </ResourceCompile>
  </ItemGroup>
  <ItemGroup>
    <FxCompile Include="..\bin\shaderfiles\Shader_VtxMesh.hlsl">
      <Filter>98. Etc\ShaderFiles</Filter>
    </FxCompile>
    <FxCompile Include="..\bin\shaderfiles\Shader_VtxSkinnedMesh.hlsl">
      <Filter>98. Etc\ShaderFiles</Filter>
    </FxCompile>
    <FxCompile Include="..\bin\shaderfiles\Shader_Chunk.hlsl">
      <Filter>98. Etc\ShaderFiles</Filter>
    </FxCompile>
  </ItemGroup>
  <ItemGroup>
    <None Include="..\..\EngineSDK\inc\nfd\nfd_cocoa.m">
      <Filter>98. Etc\nfd</Filter>
    </None>
  </ItemGroup>
</Project>