<?xml version="1.0" encoding="utf-8"?>
<Project ToolsVersion="4.0" xmlns="http://schemas.microsoft.com/developer/msbuild/2003">
  <ItemGroup>
    <Filter Include="98. Etc">
      <UniqueIdentifier>{c914d5cc-da25-422f-b385-0e4b0913abcf}</UniqueIdentifier>
    </Filter>
    <Filter Include="98. Etc\Defines">
      <UniqueIdentifier>{4804e71b-b4b6-43a9-914e-0c8d74393361}</UniqueIdentifier>
    </Filter>
    <Filter Include="98. Etc\pch">
      <UniqueIdentifier>{150d75ca-0c0c-4695-816b-13d6212d77a7}</UniqueIdentifier>
    </Filter>
    <Filter Include="00. EngineCore">
      <UniqueIdentifier>{c9854507-f2db-4e3e-b7e9-789b35f8f87e}</UniqueIdentifier>
    </Filter>
    <Filter Include="01. Engine Component">
      <UniqueIdentifier>{c21d341d-8345-4543-980b-b9c2c88d88a3}</UniqueIdentifier>
    </Filter>
    <Filter Include="01. Engine Component\Rendering">
      <UniqueIdentifier>{ce1f745c-d311-4a20-bc58-ab17c549c042}</UniqueIdentifier>
    </Filter>
    <Filter Include="04. Object">
      <UniqueIdentifier>{64f10ab9-f23f-437d-bebd-54139ea37b48}</UniqueIdentifier>
    </Filter>
    <Filter Include="05. Object Component">
      <UniqueIdentifier>{e309217d-d7f4-4fd8-bbaf-13ae2d23b959}</UniqueIdentifier>
    </Filter>
    <Filter Include="01. Engine Component\Random">
      <UniqueIdentifier>{a8c08091-7d04-4bf6-8a72-321424fe1957}</UniqueIdentifier>
    </Filter>
    <Filter Include="01. Engine Component\Time">
      <UniqueIdentifier>{0b90e7e5-2736-4262-8e83-817711b9f9e1}</UniqueIdentifier>
    </Filter>
    <Filter Include="01. Engine Component\Time\Timer">
      <UniqueIdentifier>{61899eeb-9b18-4aff-adfa-4013d482e49f}</UniqueIdentifier>
    </Filter>
    <Filter Include="01. Engine Component\Time\TimerManager">
      <UniqueIdentifier>{bbaa58f1-879d-4dd8-9b6d-4399b55cee9d}</UniqueIdentifier>
    </Filter>
    <Filter Include="05. Object Component\Model Component">
      <UniqueIdentifier>{03ccefa1-4978-4881-8cea-f5577301395a}</UniqueIdentifier>
    </Filter>
    <Filter Include="05. Object Component\Transform Component">
      <UniqueIdentifier>{c70334ac-2798-47d2-9140-905a624d7789}</UniqueIdentifier>
    </Filter>
    <Filter Include="05. Object Component\Model Component\Model">
      <UniqueIdentifier>{428a327b-ff06-4bec-9931-0af6946cbb04}</UniqueIdentifier>
    </Filter>
    <Filter Include="05. Object Component\Camera Component">
      <UniqueIdentifier>{581bec7f-7897-47f3-bebb-d2687f18f886}</UniqueIdentifier>
    </Filter>
    <Filter Include="99. Utility">
      <UniqueIdentifier>{cf2396ac-abf5-474e-9c11-c8175938bf81}</UniqueIdentifier>
    </Filter>
    <Filter Include="99. Utility\Base">
      <UniqueIdentifier>{860d4b83-ec98-4614-8cc6-f80841220c0d}</UniqueIdentifier>
    </Filter>
    <Filter Include="03. Level Component">
      <UniqueIdentifier>{84f246af-ff66-48af-9601-6e0d254df49b}</UniqueIdentifier>
    </Filter>
    <Filter Include="01. Engine Component\Level Manager">
      <UniqueIdentifier>{4818e275-2645-48ef-b928-f3d51f958301}</UniqueIdentifier>
    </Filter>
    <Filter Include="01. Engine Component\Sound Manager">
      <UniqueIdentifier>{0174ea42-018b-4ade-a0ec-fec7ae1ee6ec}</UniqueIdentifier>
    </Filter>
    <Filter Include="01. Engine Component\Task Manager">
      <UniqueIdentifier>{e40f7a49-3a0f-48b3-a96e-a1d1fe66ce88}</UniqueIdentifier>
    </Filter>
    <Filter Include="01. Engine Component\Input System">
      <UniqueIdentifier>{ee1a3634-163e-48b7-9053-1b0588f37e56}</UniqueIdentifier>
    </Filter>
    <Filter Include="01. Engine Component\Rendering\Render System">
      <UniqueIdentifier>{56da25c7-6117-4727-8b17-382f73aba387}</UniqueIdentifier>
    </Filter>
    <Filter Include="01. Engine Component\Graphic Device">
      <UniqueIdentifier>{5bd9a923-6ced-4835-b860-493db958ee2d}</UniqueIdentifier>
    </Filter>
    <Filter Include="01. Engine Component\Object Manager">
      <UniqueIdentifier>{1b4c041d-185d-4d2e-8753-a40075305f9d}</UniqueIdentifier>
    </Filter>
    <Filter Include="01. Engine Component\Prototype Manager">
      <UniqueIdentifier>{bf6da4e2-2f6d-4b75-a98b-9d243406e0c7}</UniqueIdentifier>
    </Filter>
    <Filter Include="01. Engine Component\Object Manager\Layer">
      <UniqueIdentifier>{5ab17750-ced7-499b-a810-09c51cd40fb1}</UniqueIdentifier>
    </Filter>
    <Filter Include="02. Level">
      <UniqueIdentifier>{ce45df82-39a8-4597-a3f9-5988dc742667}</UniqueIdentifier>
    </Filter>
    <Filter Include="05. Object Component\AIController Component">
      <UniqueIdentifier>{1ecd457e-88dd-4ebb-bc00-c710cc47e1d2}</UniqueIdentifier>
    </Filter>
    <Filter Include="05. Object Component\AIController Component\BehaviorTree">
      <UniqueIdentifier>{161c4ffe-62fa-40a8-85b8-0a3b2cc1ee13}</UniqueIdentifier>
    </Filter>
    <Filter Include="05. Object Component\AIController Component\BehaviorTree\BTNode">
      <UniqueIdentifier>{bf64df42-6fb9-4a57-a866-508474dfe8e9}</UniqueIdentifier>
    </Filter>
    <Filter Include="05. Object Component\AIController Component\BehaviorTree\BTNode\ActionNode">
      <UniqueIdentifier>{af5a67f3-9d1f-419b-a92a-3906d35b1bee}</UniqueIdentifier>
    </Filter>
    <Filter Include="05. Object Component\AIController Component\BehaviorTree\BTNode\CompositeNode">
      <UniqueIdentifier>{bc99b6ec-30bb-4d21-81a8-337dd16e70be}</UniqueIdentifier>
    </Filter>
    <Filter Include="05. Object Component\AIController Component\BehaviorTree\BTNode\DecoratorNode">
      <UniqueIdentifier>{d0920409-d6a1-4efb-8226-86f9dff3e132}</UniqueIdentifier>
    </Filter>
    <Filter Include="05. Object Component\AIController Component\BlackBoard">
      <UniqueIdentifier>{8792580c-3d16-4c69-9ca2-94d2329d0798}</UniqueIdentifier>
    </Filter>
    <Filter Include="01. Engine Component\PipeLine">
      <UniqueIdentifier>{766b4cac-a335-432e-8007-33318c41cfd4}</UniqueIdentifier>
    </Filter>
    <Filter Include="01. Engine Component\ImGui Manager">
      <UniqueIdentifier>{11357618-2854-49b6-b3e4-68cca55ef47c}</UniqueIdentifier>
    </Filter>
    <Filter Include="01. Engine Component\Resource Manager">
      <UniqueIdentifier>{0cbc79b9-4430-48b0-862f-fb78867bb942}</UniqueIdentifier>
    </Filter>
    <Filter Include="01. Engine Component\Resource Manager\Material">
      <UniqueIdentifier>{871ae1cc-c533-4979-bb79-3691f4d106c4}</UniqueIdentifier>
    </Filter>
    <Filter Include="01. Engine Component\Resource Manager\Shader">
      <UniqueIdentifier>{cdf532fe-2f39-45cf-bec7-20033a82815f}</UniqueIdentifier>
    </Filter>
    <Filter Include="99. Utility\imgui">
      <UniqueIdentifier>{793354f4-15f7-4f57-a86a-146b25fc246e}</UniqueIdentifier>
    </Filter>
    <Filter Include="01. Engine Component\Rendering\Renderer">
      <UniqueIdentifier>{a333e0e5-8f71-4527-b9c7-39f47cbf654c}</UniqueIdentifier>
    </Filter>
    <Filter Include="99. Utility\guizmo">
      <UniqueIdentifier>{327c5bc1-149c-4add-b21c-82b5adea9875}</UniqueIdentifier>
    </Filter>
    <Filter Include="01. Engine Component\Resource Manager\VIBuffer">
      <UniqueIdentifier>{423f5870-e5e5-4bc3-92c1-d7fb160c848b}</UniqueIdentifier>
    </Filter>
    <Filter Include="01. Engine Component\Resource Manager\VIBuffer\Quad">
      <UniqueIdentifier>{921bd0bb-c803-433d-9041-ad82c6cbcd44}</UniqueIdentifier>
    </Filter>
    <Filter Include="01. Engine Component\Resource Manager\VIBuffer\Cube">
      <UniqueIdentifier>{0a573cd6-81b3-428e-b9a4-93d80f784a4c}</UniqueIdentifier>
    </Filter>
    <Filter Include="04. Object\UIObject">
      <UniqueIdentifier>{2a6d26a5-5ce8-42e8-80ff-8ab4044cd0e1}</UniqueIdentifier>
    </Filter>
    <Filter Include="01. Engine Component\Resource Manager\Texture">
      <UniqueIdentifier>{05efed1c-2d53-4a5c-a99d-a8ffdefea96b}</UniqueIdentifier>
    </Filter>
    <Filter Include="01. Engine Component\ImGui Manager\Panel">
      <UniqueIdentifier>{334a6c62-e18e-4ae7-9d0f-eea69b4868f9}</UniqueIdentifier>
    </Filter>
    <Filter Include="01. Engine Component\ImGui Manager\Panel\InspectorPanel">
      <UniqueIdentifier>{4abc7137-f6bb-48ee-b357-b5c6281f6b92}</UniqueIdentifier>
    </Filter>
    <Filter Include="01. Engine Component\ImGui Manager\Panel\OutlinerPanel">
      <UniqueIdentifier>{29cfa099-3e98-4193-a8b4-f568bcd92db0}</UniqueIdentifier>
    </Filter>
    <Filter Include="01. Engine Component\ImGui Manager\Panel\GuizmoPanel">
      <UniqueIdentifier>{975f18bb-add3-447e-97b4-2bac871bd8d6}</UniqueIdentifier>
    </Filter>
  </ItemGroup>
  <ItemGroup>
    <ClInclude Include="..\public\Base.h">
      <Filter>99. Utility\Base</Filter>
    </ClInclude>
    <ClInclude Include="EnginePCH.h">
      <Filter>98. Etc\pch</Filter>
    </ClInclude>
    <ClInclude Include="..\public\EngineCore.h">
      <Filter>00. EngineCore</Filter>
    </ClInclude>
    <ClInclude Include="..\public\Engine_Defines.h">
      <Filter>98. Etc\Defines</Filter>
    </ClInclude>
    <ClInclude Include="..\public\Engine_Enum.h">
      <Filter>98. Etc\Defines</Filter>
    </ClInclude>
    <ClInclude Include="..\public\Engine_Function.h">
      <Filter>98. Etc\Defines</Filter>
    </ClInclude>
    <ClInclude Include="..\public\Engine_Macro.h">
      <Filter>98. Etc\Defines</Filter>
    </ClInclude>
    <ClInclude Include="..\public\Engine_Struct.h">
      <Filter>98. Etc\Defines</Filter>
    </ClInclude>
    <ClInclude Include="..\public\Engine_Typedef.h">
      <Filter>98. Etc\Defines</Filter>
    </ClInclude>
    <ClInclude Include="..\public\RenderSystem.h">
      <Filter>01. Engine Component\Rendering\Render System</Filter>
    </ClInclude>
    <ClInclude Include="..\public\SoundManager.h">
      <Filter>01. Engine Component\Sound Manager</Filter>
    </ClInclude>
    <ClInclude Include="..\public\Object.h">
      <Filter>04. Object</Filter>
    </ClInclude>
    <ClInclude Include="..\public\Component.h">
      <Filter>05. Object Component</Filter>
    </ClInclude>
    <ClInclude Include="..\public\Random.h">
      <Filter>01. Engine Component\Random</Filter>
    </ClInclude>
    <ClInclude Include="..\public\Timer.h">
      <Filter>01. Engine Component\Time\Timer</Filter>
    </ClInclude>
    <ClInclude Include="..\public\TimerManager.h">
      <Filter>01. Engine Component\Time\TimerManager</Filter>
    </ClInclude>
    <ClInclude Include="..\public\TransformComponent.h">
      <Filter>05. Object Component\Transform Component</Filter>
    </ClInclude>
    <ClInclude Include="..\public\ModelComponent.h">
      <Filter>05. Object Component\Model Component</Filter>
    </ClInclude>
    <ClInclude Include="..\public\CameraComponent.h">
      <Filter>05. Object Component\Camera Component</Filter>
    </ClInclude>
    <ClInclude Include="..\public\AiController.h">
      <Filter>05. Object Component\AIController Component</Filter>
    </ClInclude>
    <ClInclude Include="..\public\Shader.h">
      <Filter>01. Engine Component\Resource Manager\Shader</Filter>
    </ClInclude>
    <ClInclude Include="..\public\GraphicDevice.h">
      <Filter>01. Engine Component\Graphic Device</Filter>
    </ClInclude>
    <ClInclude Include="..\public\LevelManager.h">
      <Filter>01. Engine Component\Level Manager</Filter>
    </ClInclude>
    <ClInclude Include="..\public\Level.h">
      <Filter>02. Level</Filter>
    </ClInclude>
    <ClInclude Include="..\public\Layer.h">
      <Filter>01. Engine Component\Object Manager\Layer</Filter>
    </ClInclude>
    <ClInclude Include="..\public\ObjectManager.h">
      <Filter>01. Engine Component\Object Manager</Filter>
    </ClInclude>
    <ClInclude Include="..\public\TaskManager.h">
      <Filter>01. Engine Component\Task Manager</Filter>
    </ClInclude>
    <ClInclude Include="..\public\PrototypeManager.h">
      <Filter>01. Engine Component\Prototype Manager</Filter>
    </ClInclude>
    <ClInclude Include="..\public\InputSystem.h">
      <Filter>01. Engine Component\Input System</Filter>
    </ClInclude>
    <ClInclude Include="..\public\PipeLine.h">
      <Filter>01. Engine Component\PipeLine</Filter>
    </ClInclude>
    <ClInclude Include="..\public\Model.h">
      <Filter>05. Object Component\Model Component\Model</Filter>
    </ClInclude>
    <ClInclude Include="..\public\ImGuiManager.h">
      <Filter>01. Engine Component\ImGui Manager</Filter>
    </ClInclude>
    <ClInclude Include="..\public\VIBuffer.h">
      <Filter>01. Engine Component\Resource Manager\VIBuffer</Filter>
    </ClInclude>
    <ClInclude Include="..\public\VIBufferQuad.h">
      <Filter>01. Engine Component\Resource Manager\VIBuffer\Quad</Filter>
    </ClInclude>
    <ClInclude Include="..\public\Material.h">
      <Filter>01. Engine Component\Resource Manager\Material</Filter>
    </ClInclude>
    <ClInclude Include="..\public\ResourceManager.h">
      <Filter>01. Engine Component\Resource Manager</Filter>
    </ClInclude>
    <ClInclude Include="..\public\Renderer.h">
      <Filter>01. Engine Component\Rendering\Renderer</Filter>
    </ClInclude>
    <ClInclude Include="..\public\VIBufferCube.h">
      <Filter>01. Engine Component\Resource Manager\VIBuffer\Cube</Filter>
    </ClInclude>
    <ClInclude Include="..\public\RenderProxy.h">
      <Filter>01. Engine Component\Rendering</Filter>
    </ClInclude>
    <ClInclude Include="..\public\imgui\imconfig.h">
      <Filter>99. Utility\imgui</Filter>
    </ClInclude>
    <ClInclude Include="..\public\imgui\imgui.h">
      <Filter>99. Utility\imgui</Filter>
    </ClInclude>
    <ClInclude Include="..\public\imgui\imgui_internal.h">
      <Filter>99. Utility\imgui</Filter>
    </ClInclude>
    <ClInclude Include="..\public\imgui\imstb_rectpack.h">
      <Filter>99. Utility\imgui</Filter>
    </ClInclude>
    <ClInclude Include="..\public\imgui\imstb_textedit.h">
      <Filter>99. Utility\imgui</Filter>
    </ClInclude>
    <ClInclude Include="..\public\imgui\imstb_truetype.h">
      <Filter>99. Utility\imgui</Filter>
    </ClInclude>
    <ClInclude Include="..\public\imgui\backends\imgui_impl_dx11.h">
      <Filter>99. Utility\imgui</Filter>
    </ClInclude>
    <ClInclude Include="..\public\imgui\backends\imgui_impl_win32.h">
      <Filter>99. Utility\imgui</Filter>
    </ClInclude>
    <ClInclude Include="..\public\guizmo\GraphEditor.h">
      <Filter>99. Utility\guizmo</Filter>
    </ClInclude>
    <ClInclude Include="..\public\guizmo\ImCurveEdit.h">
      <Filter>99. Utility\guizmo</Filter>
    </ClInclude>
    <ClInclude Include="..\public\guizmo\ImGradient.h">
      <Filter>99. Utility\guizmo</Filter>
    </ClInclude>
    <ClInclude Include="..\public\guizmo\ImGuizmo.h">
      <Filter>99. Utility\guizmo</Filter>
    </ClInclude>
    <ClInclude Include="..\public\guizmo\ImSequencer.h">
      <Filter>99. Utility\guizmo</Filter>
    </ClInclude>
    <ClInclude Include="..\public\guizmo\ImZoomSlider.h">
      <Filter>99. Utility\guizmo</Filter>
    </ClInclude>
    <ClInclude Include="..\public\UIObject.h">
      <Filter>04. Object\UIObject</Filter>
    </ClInclude>
    <ClInclude Include="..\public\GuizmoPanel.h">
      <Filter>01. Engine Component\ImGui Manager\Panel\GuizmoPanel</Filter>
    </ClInclude>
    <ClInclude Include="..\public\FreecamComponent.h">
      <Filter>05. Object Component\Camera Component</Filter>
    </ClInclude>
    <ClInclude Include="..\public\Texture.h">
      <Filter>01. Engine Component\Resource Manager\Texture</Filter>
    </ClInclude>
    <ClInclude Include="..\public\IPanel.h">
      <Filter>01. Engine Component\ImGui Manager\Panel</Filter>
    </ClInclude>
    <ClInclude Include="..\public\InspectorPanel.h">
      <Filter>01. Engine Component\ImGui Manager\Panel\InspectorPanel</Filter>
    </ClInclude>
    <ClInclude Include="..\public\OutlinerPanel.h">
      <Filter>01. Engine Component\ImGui Manager\Panel\OutlinerPanel</Filter>
    </ClInclude>
    <ClInclude Include="..\public\GUIState.h">
      <Filter>01. Engine Component\ImGui Manager</Filter>
    </ClInclude>
  </ItemGroup>
  <ItemGroup>
    <ClCompile Include="..\private\Base.cpp">
      <Filter>99. Utility\Base</Filter>
    </ClCompile>
    <ClCompile Include="EnginePCH.cpp">
      <Filter>98. Etc\pch</Filter>
    </ClCompile>
    <ClCompile Include="..\private\EngineCore.cpp">
      <Filter>00. EngineCore</Filter>
    </ClCompile>
    <ClCompile Include="..\private\RenderSystem.cpp">
      <Filter>01. Engine Component\Rendering\Render System</Filter>
    </ClCompile>
    <ClCompile Include="..\private\SoundManager.cpp">
      <Filter>01. Engine Component\Sound Manager</Filter>
    </ClCompile>
    <ClCompile Include="..\private\Object.cpp">
      <Filter>04. Object</Filter>
    </ClCompile>
    <ClCompile Include="..\private\Component.cpp">
      <Filter>05. Object Component</Filter>
    </ClCompile>
    <ClCompile Include="..\private\Random.cpp">
      <Filter>01. Engine Component\Random</Filter>
    </ClCompile>
    <ClCompile Include="..\private\Timer.cpp">
      <Filter>01. Engine Component\Time\Timer</Filter>
    </ClCompile>
    <ClCompile Include="..\private\TimerManager.cpp">
      <Filter>01. Engine Component\Time\TimerManager</Filter>
    </ClCompile>
    <ClCompile Include="..\private\TransformComponent.cpp">
      <Filter>05. Object Component\Transform Component</Filter>
    </ClCompile>
    <ClCompile Include="..\private\ModelComponent.cpp">
      <Filter>05. Object Component\Model Component</Filter>
    </ClCompile>
    <ClCompile Include="..\private\CameraComponent.cpp">
      <Filter>05. Object Component\Camera Component</Filter>
    </ClCompile>
    <ClCompile Include="..\private\AiController.cpp">
      <Filter>05. Object Component\AIController Component</Filter>
    </ClCompile>
    <ClCompile Include="..\private\Shader.cpp">
      <Filter>01. Engine Component\Resource Manager\Shader</Filter>
    </ClCompile>
    <ClCompile Include="..\private\GraphicDevice.cpp">
      <Filter>01. Engine Component\Graphic Device</Filter>
    </ClCompile>
    <ClCompile Include="..\private\LevelManager.cpp">
      <Filter>01. Engine Component\Level Manager</Filter>
    </ClCompile>
    <ClCompile Include="..\private\Level.cpp">
      <Filter>02. Level</Filter>
    </ClCompile>
    <ClCompile Include="..\private\Layer.cpp">
      <Filter>01. Engine Component\Object Manager\Layer</Filter>
    </ClCompile>
    <ClCompile Include="..\private\ObjectManager.cpp">
      <Filter>01. Engine Component\Object Manager</Filter>
    </ClCompile>
    <ClCompile Include="..\private\TaskManager.cpp">
      <Filter>01. Engine Component\Task Manager</Filter>
    </ClCompile>
    <ClCompile Include="..\private\PrototypeManager.cpp">
      <Filter>01. Engine Component\Prototype Manager</Filter>
    </ClCompile>
    <ClCompile Include="..\private\InputSystem.cpp">
      <Filter>01. Engine Component\Input System</Filter>
    </ClCompile>
    <ClCompile Include="..\private\PipeLine.cpp">
      <Filter>01. Engine Component\PipeLine</Filter>
    </ClCompile>
    <ClCompile Include="..\private\Model.cpp">
      <Filter>05. Object Component\Model Component\Model</Filter>
    </ClCompile>
    <ClCompile Include="..\private\ImGuiManager.cpp">
      <Filter>01. Engine Component\ImGui Manager</Filter>
    </ClCompile>
    <ClCompile Include="..\private\VIBufferQuad.cpp">
      <Filter>01. Engine Component\Resource Manager\VIBuffer\Quad</Filter>
    </ClCompile>
    <ClCompile Include="..\private\Material.cpp">
      <Filter>01. Engine Component\Resource Manager\Material</Filter>
    </ClCompile>
    <ClCompile Include="..\private\ResourceManager.cpp">
      <Filter>01. Engine Component\Resource Manager</Filter>
    </ClCompile>
    <ClCompile Include="..\private\Renderer.cpp">
      <Filter>01. Engine Component\Rendering\Renderer</Filter>
    </ClCompile>
    <ClCompile Include="..\private\VIBufferCube.cpp">
      <Filter>01. Engine Component\Resource Manager\VIBuffer\Cube</Filter>
    </ClCompile>
    <ClCompile Include="Engine_Struct.cpp">
      <Filter>98. Etc\Defines</Filter>
    </ClCompile>
    <ClCompile Include="..\public\imgui\imgui.cpp">
      <Filter>99. Utility\imgui</Filter>
    </ClCompile>
    <ClCompile Include="..\public\imgui\imgui_demo.cpp">
      <Filter>99. Utility\imgui</Filter>
    </ClCompile>
    <ClCompile Include="..\public\imgui\imgui_draw.cpp">
      <Filter>99. Utility\imgui</Filter>
    </ClCompile>
    <ClCompile Include="..\public\imgui\imgui_tables.cpp">
      <Filter>99. Utility\imgui</Filter>
    </ClCompile>
    <ClCompile Include="..\public\imgui\imgui_widgets.cpp">
      <Filter>99. Utility\imgui</Filter>
    </ClCompile>
    <ClCompile Include="..\public\imgui\backends\imgui_impl_dx11.cpp">
      <Filter>99. Utility\imgui</Filter>
    </ClCompile>
    <ClCompile Include="..\public\imgui\backends\imgui_impl_win32.cpp">
      <Filter>99. Utility\imgui</Filter>
    </ClCompile>
    <ClCompile Include="..\public\guizmo\GraphEditor.cpp">
      <Filter>99. Utility\guizmo</Filter>
    </ClCompile>
    <ClCompile Include="..\public\guizmo\ImCurveEdit.cpp">
      <Filter>99. Utility\guizmo</Filter>
    </ClCompile>
    <ClCompile Include="..\public\guizmo\ImGradient.cpp">
      <Filter>99. Utility\guizmo</Filter>
    </ClCompile>
    <ClCompile Include="..\public\guizmo\ImGuizmo.cpp">
      <Filter>99. Utility\guizmo</Filter>
    </ClCompile>
    <ClCompile Include="..\public\guizmo\ImSequencer.cpp">
      <Filter>99. Utility\guizmo</Filter>
    </ClCompile>
    <ClCompile Include="..\private\VIBuffer.cpp">
      <Filter>01. Engine Component\Resource Manager\VIBuffer</Filter>
    </ClCompile>
    <ClCompile Include="..\private\UIObject.cpp">
      <Filter>04. Object\UIObject</Filter>
    </ClCompile>
    <ClCompile Include="..\private\GuizmoPanel.cpp">
      <Filter>01. Engine Component\ImGui Manager\Panel\GuizmoPanel</Filter>
    </ClCompile>
    <ClCompile Include="..\private\FreecamComponent.cpp">
      <Filter>05. Object Component\Camera Component</Filter>
    </ClCompile>
    <ClCompile Include="..\private\Texture.cpp">
      <Filter>01. Engine Component\Resource Manager\Texture</Filter>
    </ClCompile>
    <ClCompile Include="..\private\IPanel.cpp">
      <Filter>01. Engine Component\ImGui Manager\Panel</Filter>
    </ClCompile>
    <ClCompile Include="..\private\InspectorPanel.cpp">
      <Filter>01. Engine Component\ImGui Manager\Panel\InspectorPanel</Filter>
    </ClCompile>
    <ClCompile Include="..\private\OutlinerPanel.cpp">
      <Filter>01. Engine Component\ImGui Manager\Panel\OutlinerPanel</Filter>
    </ClCompile>
  </ItemGroup>
</Project>