<?xml version="1.0" encoding="utf-8"?>
<Project ToolsVersion="4.0" xmlns="http://schemas.microsoft.com/developer/msbuild/2003">
  <ItemGroup>
    <Filter Include="98. Etc">
      <UniqueIdentifier>{25b66162-15ca-4e9c-9170-c38f973d3058}</UniqueIdentifier>
    </Filter>
    <Filter Include="99. Executable">
      <UniqueIdentifier>{14e48c5f-09ed-410c-98fe-261d7655ca94}</UniqueIdentifier>
    </Filter>
    <Filter Include="98. Etc\pch">
      <UniqueIdentifier>{fb1b3b4f-795a-44c4-aec4-2ff154d857c6}</UniqueIdentifier>
    </Filter>
    <Filter Include="98. Etc\Header">
      <UniqueIdentifier>{f986dca1-824d-43fe-b475-46f327e0a681}</UniqueIdentifier>
    </Filter>
    <Filter Include="98. Etc\Defines">
      <UniqueIdentifier>{cd3f5bf7-949d-4bdb-89c2-07f866a15574}</UniqueIdentifier>
    </Filter>
    <Filter Include="00. MainApp">
      <UniqueIdentifier>{e31af5ec-532f-42bb-b70c-76af6b31041a}</UniqueIdentifier>
    </Filter>
    <Filter Include="01. Level">
      <UniqueIdentifier>{4f65f713-3328-477d-9b39-1bce365e8498}</UniqueIdentifier>
    </Filter>
    <Filter Include="02. Object">
      <UniqueIdentifier>{738b893f-244c-415e-b505-446b6d4fb4aa}</UniqueIdentifier>
    </Filter>
    <Filter Include="01. Level\LoadingLevel">
      <UniqueIdentifier>{e3babc69-cf1f-4475-9fcf-5ce20d4a8621}</UniqueIdentifier>
    </Filter>
    <Filter Include="01. Level\LoadingLevel\Loader">
      <UniqueIdentifier>{edf70e16-007d-4608-a269-0fbd7a1ee1a6}</UniqueIdentifier>
    </Filter>
    <Filter Include="01. Level\LogoLevel">
      <UniqueIdentifier>{634edddd-af4a-4105-bbf4-35fc1ae4c797}</UniqueIdentifier>
    </Filter>
    <Filter Include="01. Level\GamePlayLevel">
      <UniqueIdentifier>{1f7c0960-1f1e-45aa-9149-6b187fd43e50}</UniqueIdentifier>
    </Filter>
    <Filter Include="98. Etc\ShaderFiles">
      <UniqueIdentifier>{d0c05a6d-5eb3-42ff-a197-e9f9326f8d81}</UniqueIdentifier>
    </Filter>
    <Filter Include="02. Object\Camera">
      <UniqueIdentifier>{0b1f4ac7-ccc3-4521-815a-a3ce984a95b4}</UniqueIdentifier>
    </Filter>
    <Filter Include="02. Object\Camera\FreeCam">
      <UniqueIdentifier>{cfcb65ff-eac4-4202-bcb5-7746a4ace023}</UniqueIdentifier>
    </Filter>
    <Filter Include="02. Object\UIObject">
      <UniqueIdentifier>{bdf78020-6160-4122-a08f-45f390898588}</UniqueIdentifier>
    </Filter>
    <Filter Include="02. Object\UIObject\BackGround">
      <UniqueIdentifier>{774facc3-9238-445a-84bc-4dd8915a3359}</UniqueIdentifier>
    </Filter>
    <Filter Include="02. Object\Terrain">
      <UniqueIdentifier>{4ed086e0-202b-4e65-8fa2-959d1b5b300f}</UniqueIdentifier>
    </Filter>
    <Filter Include="02. Object\Light">
      <UniqueIdentifier>{759b52d6-f612-4807-81ca-5a61769a1291}</UniqueIdentifier>
    </Filter>
    <Filter Include="02. Object\Light\Sun">
      <UniqueIdentifier>{b085c115-2a92-4c03-ab0c-0d5bf9e3bbd7}</UniqueIdentifier>
    </Filter>
    <Filter Include="03. Object Component">
      <UniqueIdentifier>{8444149c-a8cf-4f6d-a3d8-bcde65b6c68c}</UniqueIdentifier>
    </Filter>
    <Filter Include="02. Object\Enemy">
      <UniqueIdentifier>{4d50c74a-5fd5-4de6-b751-06b1ca29f0b9}</UniqueIdentifier>
    </Filter>
    <Filter Include="02. Object\SkyBox">
      <UniqueIdentifier>{49aeb3cb-9155-4be6-835f-b357c2d16236}</UniqueIdentifier>
    </Filter>
    <Filter Include="02. Object\Enemy\HorseHead">
      <UniqueIdentifier>{97888e35-9080-4e6a-a54a-0503461fa6e9}</UniqueIdentifier>
    </Filter>
    <Filter Include="02. Object\Enemy\Boss">
      <UniqueIdentifier>{fef49d7c-44b9-4289-ae37-76a9e25c1767}</UniqueIdentifier>
    </Filter>
    <Filter Include="02. Object\Enemy\Bomber">
      <UniqueIdentifier>{2d00e73b-f171-4540-a458-68bfa5b828f4}</UniqueIdentifier>
    </Filter>
    <Filter Include="02. Object\Enemy\HorseHead\Sword">
      <UniqueIdentifier>{f527ed22-401d-44f3-a8ec-68df1269a1e8}</UniqueIdentifier>
    </Filter>
    <Filter Include="02. Object\Enemy\HorseHead\Shield">
      <UniqueIdentifier>{7fd376d9-e06f-40eb-9ece-722f01e64d7a}</UniqueIdentifier>
    </Filter>
    <Filter Include="02. Object\Enemy\HorseHead\Head">
      <UniqueIdentifier>{e3c28e47-f937-46e3-9f6b-629dbd458d1d}</UniqueIdentifier>
    </Filter>
    <Filter Include="02. Object\Enemy\Soldier">
      <UniqueIdentifier>{16df35b8-52e0-41d9-b311-951fdbb59341}</UniqueIdentifier>
    </Filter>
    <Filter Include="03. Object Component\Status Component">
      <UniqueIdentifier>{8cda0e54-fd5e-43c3-8218-f3873175e758}</UniqueIdentifier>
    </Filter>
    <Filter Include="02. Object\Map Object">
      <UniqueIdentifier>{19b54fc8-2547-4d80-b5cc-60683903a050}</UniqueIdentifier>
    </Filter>
    <Filter Include="02. Object\Map Object\Static Map Object">
      <UniqueIdentifier>{7a37b63d-7822-4f89-9dba-7419143f0c4c}</UniqueIdentifier>
    </Filter>
    <Filter Include="01. Level\Stage1">
      <UniqueIdentifier>{372fe6b1-b3d5-455e-93f8-b6037d196700}</UniqueIdentifier>
    </Filter>
    <Filter Include="01. Level\Stage Boss">
      <UniqueIdentifier>{e9158f42-b3bf-4f1c-a2ed-c36cca2f9fab}</UniqueIdentifier>
    </Filter>
    <Filter Include="02. Object\Map Object\Door">
      <UniqueIdentifier>{af7164e1-9aff-4a8c-8600-67a0281e925d}</UniqueIdentifier>
    </Filter>
    <Filter Include="02. Object\Map Object\Door\Door_L">
      <UniqueIdentifier>{68ed40fc-440c-4dc6-860c-a29aebe950f3}</UniqueIdentifier>
    </Filter>
    <Filter Include="02. Object\Map Object\Door\Door_R">
      <UniqueIdentifier>{394a87d2-1e0f-4730-913b-723c600df853}</UniqueIdentifier>
    </Filter>
    <Filter Include="02. Object\Projectile">
      <UniqueIdentifier>{a32bac05-7801-4997-803e-e60c2a53e42a}</UniqueIdentifier>
    </Filter>
    <Filter Include="02. Object\Enemy\Soldier\Head">
      <UniqueIdentifier>{dd0d4d21-eb2e-4f34-8f81-16641122e26b}</UniqueIdentifier>
    </Filter>
    <Filter Include="02. Object\Projectile\Default Bullet">
      <UniqueIdentifier>{0e114837-f394-4b8f-8611-c6a8464c791c}</UniqueIdentifier>
    </Filter>
    <Filter Include="02. Object\Map Object\Enemy Spawner">
      <UniqueIdentifier>{e144cfb2-a7da-48b3-b791-64d05358d7ad}</UniqueIdentifier>
    </Filter>
    <Filter Include="02. Object\Decal">
      <UniqueIdentifier>{05b5105e-144f-42a3-a468-29200669609d}</UniqueIdentifier>
    </Filter>
    <Filter Include="02. Object\Enemy\SpearMan">
      <UniqueIdentifier>{5c0fc325-f27f-47f8-a4de-6698fdcd5477}</UniqueIdentifier>
    </Filter>
    <Filter Include="02. Object\Enemy\Boss\Core">
      <UniqueIdentifier>{057f2f9f-d9f6-4644-ac13-2f71038a7f35}</UniqueIdentifier>
    </Filter>
    <Filter Include="02. Object\Enemy\Boss\LeftArm">
      <UniqueIdentifier>{972b20c0-e753-4ac8-b847-4bebbbd8d797}</UniqueIdentifier>
    </Filter>
    <Filter Include="02. Object\Enemy\Boss\RightArm">
      <UniqueIdentifier>{611cedee-dea0-4281-858f-84492df116d4}</UniqueIdentifier>
    </Filter>
    <Filter Include="02. Object\Enemy\Boss\Head">
      <UniqueIdentifier>{4605a40f-abcb-416f-938e-0560689238f9}</UniqueIdentifier>
    </Filter>
    <Filter Include="02. Object\Fracture">
      <UniqueIdentifier>{6464e792-49a6-4b7b-9c34-5045a5244301}</UniqueIdentifier>
    </Filter>
    <Filter Include="02. Object\Projectile\BossArmProjectile">
      <UniqueIdentifier>{fe9846df-03a3-476f-8eb4-9bf3e14737a7}</UniqueIdentifier>
    </Filter>
    <Filter Include="02. Object\Enemy\Boss\BossPillar">
      <UniqueIdentifier>{cb430ea9-2386-47a6-859d-39206317ef9f}</UniqueIdentifier>
    </Filter>
    <Filter Include="02. Object\Projectile\BossStoneProjectile">
      <UniqueIdentifier>{093eac6d-7c6e-4076-8f16-107f81613cf9}</UniqueIdentifier>
    </Filter>
    <Filter Include="02. Object\Map Object\BossMap">
      <UniqueIdentifier>{6db1efeb-1e05-488b-828c-da27c169bc32}</UniqueIdentifier>
    </Filter>
    <Filter Include="02. Object\UIObject\LogoText">
      <UniqueIdentifier>{7c074b92-717f-4044-a37d-eb58aae9ea3f}</UniqueIdentifier>
    </Filter>
    <Filter Include="02. Object\UIObject\LogoFire">
      <UniqueIdentifier>{3ffdc814-b194-4647-a12a-897ef5ea4fee}</UniqueIdentifier>
    </Filter>
    <Filter Include="02. Object\Player">
      <UniqueIdentifier>{250ef2b7-4328-4502-868e-33a41aac750c}</UniqueIdentifier>
    </Filter>
    <Filter Include="02. Object\Player\Weapon">
      <UniqueIdentifier>{78e9e4ef-6ee6-4e8e-89df-3d7ad0a0c7f7}</UniqueIdentifier>
    </Filter>
    <Filter Include="02. Object\Player\Weapon\Cameleon">
      <UniqueIdentifier>{8b429c1d-86ef-4425-b6fa-a46a682b47ec}</UniqueIdentifier>
    </Filter>
    <Filter Include="02. Object\Player\Weapon\ConcealedAmmo">
      <UniqueIdentifier>{7b024412-3d22-41ff-bee6-2e6edd4c17bd}</UniqueIdentifier>
    </Filter>
    <Filter Include="02. Object\Player\Weapon\IcySpear">
      <UniqueIdentifier>{37fb6ffb-7fb8-4030-ad2d-bc912f5001f9}</UniqueIdentifier>
    </Filter>
    <Filter Include="02. Object\Player\Weapon\PoisonousGhost">
      <UniqueIdentifier>{21c04195-bded-4f63-8158-842217f50c6c}</UniqueIdentifier>
    </Filter>
    <Filter Include="02. Object\Player\Weapon\Foundry">
      <UniqueIdentifier>{bba81a29-f073-44bd-885d-ce24e03b92da}</UniqueIdentifier>
    </Filter>
    <Filter Include="02. Object\Player\Hand">
      <UniqueIdentifier>{a6dcfacb-c174-4d30-a979-d80548f2408e}</UniqueIdentifier>
    </Filter>
    <Filter Include="02. Object\Player\Hand\Bobbing Controller">
      <UniqueIdentifier>{3219146e-f866-48ff-8e75-ec3fbf907937}</UniqueIdentifier>
    </Filter>
    <Filter Include="02. Object\Player\PlayerCam">
      <UniqueIdentifier>{9e69e801-b7e5-4cee-b1c0-6e162a7788fa}</UniqueIdentifier>
    </Filter>
    <Filter Include="02. Object\Projectile\Dynamite">
      <UniqueIdentifier>{eefbd6fc-7716-4493-94b9-4129657a5374}</UniqueIdentifier>
    </Filter>
    <Filter Include="02. Object\Item">
      <UniqueIdentifier>{2cba7e45-61cb-4f36-8d65-61ea430395fc}</UniqueIdentifier>
    </Filter>
    <Filter Include="02. Object\Item\DropWeapon">
      <UniqueIdentifier>{c3d23177-416c-44cf-b3fc-4cee96092d08}</UniqueIdentifier>
    </Filter>
    <Filter Include="03. Object Component\PlayerInteraction Component">
      <UniqueIdentifier>{9e466a7c-a0e9-40cc-a12b-2dc86bfd9236}</UniqueIdentifier>
    </Filter>
    <Filter Include="03. Object Component\PlayerAnim Controller Component">
      <UniqueIdentifier>{d73f6de8-cb0f-4685-a773-f01d788afb69}</UniqueIdentifier>
    </Filter>
    <Filter Include="98. Etc\Command">
      <UniqueIdentifier>{69edbe89-7621-4e54-b62b-f41fe7219054}</UniqueIdentifier>
    </Filter>
    <Filter Include="98. Etc\Command\ChangeLevel">
      <UniqueIdentifier>{566a1978-088a-4ef8-882b-39eb5d5b650d}</UniqueIdentifier>
    </Filter>
    <Filter Include="02. Object\Player\Weapon\Prism">
      <UniqueIdentifier>{f9ed9aef-6fc4-4c92-90bb-ad475eba3bf4}</UniqueIdentifier>
    </Filter>
    <Filter Include="02. Object\Projectile\PrismProjectile">
      <UniqueIdentifier>{1f5c7a2b-bf14-40a3-8071-9ee706e8d520}</UniqueIdentifier>
    </Filter>
    <Filter Include="02. Object\Enemy\Soldier\Sword">
      <UniqueIdentifier>{b0460a09-0d2b-419e-a827-bf117c0a49c0}</UniqueIdentifier>
    </Filter>
    <Filter Include="02. Object\Enemy\CrossbowMan">
      <UniqueIdentifier>{516d53d4-58aa-46fa-a62d-08623148b5ef}</UniqueIdentifier>
    </Filter>
    <Filter Include="02. Object\Enemy\SpearMan\Head">
      <UniqueIdentifier>{6e9dd8db-53c5-46e5-92bc-37410e54f55e}</UniqueIdentifier>
    </Filter>
    <Filter Include="02. Object\Enemy\CrossbowMan\Head">
      <UniqueIdentifier>{42a9b1a6-23a5-4a3c-89bf-2eb0ce335d1b}</UniqueIdentifier>
    </Filter>
    <Filter Include="02. Object\Enemy\SpearMan\Spear">
      <UniqueIdentifier>{fd9b0d0b-f5c3-4d45-a2ae-eb4194397114}</UniqueIdentifier>
    </Filter>
    <Filter Include="01. Level\Stage2">
      <UniqueIdentifier>{e74ef61a-a013-4dc8-9206-0f2fc58f86a5}</UniqueIdentifier>
    </Filter>
    <Filter Include="01. Level\Stage3">
      <UniqueIdentifier>{4ffd524a-6901-4704-a1f1-0ac6c0025d7a}</UniqueIdentifier>
    </Filter>
    <Filter Include="02. Object\Map Object\Chest">
      <UniqueIdentifier>{49ac6526-cabb-4400-9d8e-f795bbe13773}</UniqueIdentifier>
    </Filter>
    <Filter Include="02. Object\Item\Coin">
      <UniqueIdentifier>{61e03a7a-6499-46d2-9d44-10c2705dd0c9}</UniqueIdentifier>
    </Filter>
    <Filter Include="02. Object\Item\Dumpling">
      <UniqueIdentifier>{fccb73df-83f5-432e-b2f4-a190b6441ba3}</UniqueIdentifier>
    </Filter>
    <Filter Include="02. Object\Item\Ammo">
      <UniqueIdentifier>{8004599b-52b3-432f-b953-ab5adcd4d8ff}</UniqueIdentifier>
    </Filter>
    <Filter Include="02. Object\UIObject\Crosshair">
      <UniqueIdentifier>{5ffb3970-6311-4715-b9ce-bce065b3bc69}</UniqueIdentifier>
    </Filter>
    <Filter Include="02. Object\Player\Crosshair Controller">
      <UniqueIdentifier>{e5d28a9a-eefe-415c-9b64-835a2795f6ed}</UniqueIdentifier>
    </Filter>
    <Filter Include="02. Object\UIObject\WeaponPanel">
      <UniqueIdentifier>{5348eb3a-4b9d-4d28-865b-11bc0ee9a330}</UniqueIdentifier>
    </Filter>
    <Filter Include="02. Object\UIObject\WeaponPanel\WeaponIcon">
      <UniqueIdentifier>{b00dc3a7-4671-41cb-8b62-4159b379015b}</UniqueIdentifier>
    </Filter>
    <Filter Include="02. Object\UIObject\PlayerPanel">
      <UniqueIdentifier>{8747ca61-b39e-47f5-ab30-d79124a954b7}</UniqueIdentifier>
    </Filter>
    <Filter Include="02. Object\UIObject\PlayerPanel\PlayerIcon">
      <UniqueIdentifier>{4a5cbde1-8fd1-4791-be75-36ce94e3c469}</UniqueIdentifier>
    </Filter>
    <Filter Include="02. Object\UIObject\Bar">
      <UniqueIdentifier>{1d883fc8-1612-4767-b97c-2a23dddde55e}</UniqueIdentifier>
    </Filter>
    <Filter Include="02. Object\UIObject\WeaponPanel\SlotNum">
      <UniqueIdentifier>{fe8e5f58-fc4a-466c-81b9-8552d8cb70a6}</UniqueIdentifier>
    </Filter>
    <Filter Include="02. Object\UIObject\WeaponPanel\WeaponSlot">
      <UniqueIdentifier>{fb2e3d96-7a50-4896-9588-d9dc64bbef9f}</UniqueIdentifier>
    </Filter>
    <Filter Include="02. Object\UIObject\SkillPanel">
      <UniqueIdentifier>{1e51ac7b-f58c-48bc-933c-1507304e411f}</UniqueIdentifier>
    </Filter>
    <Filter Include="02. Object\UIObject\SkillPanel\DashIcon">
      <UniqueIdentifier>{9fc551f8-4a48-406b-bf60-886c5c159664}</UniqueIdentifier>
    </Filter>
    <Filter Include="02. Object\UIObject\EffectBackground">
      <UniqueIdentifier>{1f3dfd28-4242-4579-b76d-15164b1d7a6a}</UniqueIdentifier>
    </Filter>
    <Filter Include="02. Object\UIObject\CountNumber">
      <UniqueIdentifier>{d0eb3bad-6bf6-4651-9132-e6d6cb515a83}</UniqueIdentifier>
    </Filter>
    <Filter Include="02. Object\DamageFont">
      <UniqueIdentifier>{1944c7b1-864b-41d1-998b-9fb5b370cfd3}</UniqueIdentifier>
    </Filter>
    <Filter Include="02. Object\UIObject\Cross">
      <UniqueIdentifier>{0cb017ec-a1b6-42f7-a140-15fc44484d2e}</UniqueIdentifier>
    </Filter>
  </ItemGroup>
  <ItemGroup>
    <ClInclude Include="pch.h">
      <Filter>98. Etc\pch</Filter>
    </ClInclude>
    <ClInclude Include="Client.h">
      <Filter>98. Etc\Header</Filter>
    </ClInclude>
    <ClInclude Include="framework.h">
      <Filter>98. Etc\Header</Filter>
    </ClInclude>
    <ClInclude Include="Resource.h">
      <Filter>98. Etc\Header</Filter>
    </ClInclude>
    <ClInclude Include="targetver.h">
      <Filter>98. Etc\Header</Filter>
    </ClInclude>
    <ClInclude Include="..\public\Client_Defines.h">
      <Filter>98. Etc\Defines</Filter>
    </ClInclude>
    <ClInclude Include="..\public\MainApp.h">
      <Filter>00. MainApp</Filter>
    </ClInclude>
    <ClInclude Include="..\public\LoadingLevel.h">
      <Filter>01. Level\LoadingLevel</Filter>
    </ClInclude>
    <ClInclude Include="..\public\Loader.h">
      <Filter>01. Level\LoadingLevel\Loader</Filter>
    </ClInclude>
    <ClInclude Include="..\public\LogoLevel.h">
      <Filter>01. Level\LogoLevel</Filter>
    </ClInclude>
    <ClInclude Include="..\public\GamePlayLevel.h">
      <Filter>01. Level\GamePlayLevel</Filter>
    </ClInclude>
    <ClInclude Include="..\public\BackGround.h">
      <Filter>02. Object\UIObject\BackGround</Filter>
    </ClInclude>
    <ClInclude Include="..\public\ThirdCam.h">
      <Filter>02. Object\Camera\FreeCam</Filter>
    </ClInclude>
    <ClInclude Include="..\public\Terrain.h">
      <Filter>02. Object\Terrain</Filter>
    </ClInclude>
    <ClInclude Include="..\public\Sun.h">
      <Filter>02. Object\Light\Sun</Filter>
    </ClInclude>
    <ClInclude Include="..\public\Player.h">
      <Filter>02. Object\Player</Filter>
    </ClInclude>
    <ClInclude Include="..\public\PlayerCam.h">
      <Filter>02. Object\Player\PlayerCam</Filter>
    </ClInclude>
    <ClInclude Include="..\public\Hand.h">
      <Filter>02. Object\Player\Hand</Filter>
    </ClInclude>
    <ClInclude Include="..\public\Weapon.h">
      <Filter>02. Object\Player\Weapon</Filter>
    </ClInclude>
    <ClInclude Include="..\public\Cameleon.h">
      <Filter>02. Object\Player\Weapon\Cameleon</Filter>
    </ClInclude>
    <ClInclude Include="..\public\PlayerAnimController.h">
      <Filter>03. Object Component\PlayerAnim Controller Component</Filter>
    </ClInclude>
    <ClInclude Include="..\public\ConcealedAmmo.h">
      <Filter>02. Object\Player\Weapon\ConcealedAmmo</Filter>
    </ClInclude>
    <ClInclude Include="..\public\IcySpear.h">
      <Filter>02. Object\Player\Weapon\IcySpear</Filter>
    </ClInclude>
    <ClInclude Include="..\public\SkyBox.h">
      <Filter>02. Object\SkyBox</Filter>
    </ClInclude>
    <ClInclude Include="..\public\BossStage.h">
      <Filter>02. Object\Map Object\BossMap</Filter>
    </ClInclude>
    <ClInclude Include="..\public\PoisonousGhost.h">
      <Filter>02. Object\Player\Weapon\PoisonousGhost</Filter>
    </ClInclude>
    <ClInclude Include="..\public\BobbingController.h">
      <Filter>02. Object\Player\Hand\Bobbing Controller</Filter>
    </ClInclude>
    <ClInclude Include="..\public\HorseHead.h">
      <Filter>02. Object\Enemy\HorseHead</Filter>
    </ClInclude>
    <ClInclude Include="..\public\Boss.h">
      <Filter>02. Object\Enemy\Boss</Filter>
    </ClInclude>
    <ClInclude Include="..\public\Foundry.h">
      <Filter>02. Object\Player\Weapon\Foundry</Filter>
    </ClInclude>
    <ClInclude Include="..\public\Bomber.h">
      <Filter>02. Object\Enemy\Bomber</Filter>
    </ClInclude>
    <ClInclude Include="..\public\HorseHead_Shield.h">
      <Filter>02. Object\Enemy\HorseHead\Shield</Filter>
    </ClInclude>
    <ClInclude Include="..\public\HorseHead_Sword.h">
      <Filter>02. Object\Enemy\HorseHead\Sword</Filter>
    </ClInclude>
    <ClInclude Include="..\public\HorseHead_Head.h">
      <Filter>02. Object\Enemy\HorseHead\Head</Filter>
    </ClInclude>
    <ClInclude Include="..\public\Enemy.h">
      <Filter>02. Object\Enemy</Filter>
    </ClInclude>
    <ClInclude Include="..\public\Soldier.h">
      <Filter>02. Object\Enemy\Soldier</Filter>
    </ClInclude>
    <ClInclude Include="..\public\StatusComponent.h">
      <Filter>03. Object Component\Status Component</Filter>
    </ClInclude>
    <ClInclude Include="..\public\StaticMapObject.h">
      <Filter>02. Object\Map Object\Static Map Object</Filter>
    </ClInclude>
    <ClInclude Include="..\public\Door.h">
      <Filter>02. Object\Map Object\Door</Filter>
    </ClInclude>
    <ClInclude Include="..\public\Door_L.h">
      <Filter>02. Object\Map Object\Door\Door_L</Filter>
    </ClInclude>
    <ClInclude Include="..\public\Door_R.h">
      <Filter>02. Object\Map Object\Door\Door_R</Filter>
    </ClInclude>
    <ClInclude Include="..\public\Soldier_Head.h">
      <Filter>02. Object\Enemy\Soldier\Head</Filter>
    </ClInclude>
    <ClInclude Include="..\public\Projectile.h">
      <Filter>02. Object\Projectile</Filter>
    </ClInclude>
    <ClInclude Include="..\public\DefaultBullet.h">
      <Filter>02. Object\Projectile\Default Bullet</Filter>
    </ClInclude>
    <ClInclude Include="..\public\EnemySpawner.h">
      <Filter>02. Object\Map Object\Enemy Spawner</Filter>
    </ClInclude>
    <ClInclude Include="..\public\Decal.h">
      <Filter>02. Object\Decal</Filter>
    </ClInclude>
    <ClInclude Include="..\public\Crosshair.h">
      <Filter>02. Object\UIObject\Crosshair</Filter>
    </ClInclude>
    <ClInclude Include="..\public\SpearMan.h">
      <Filter>02. Object\Enemy\SpearMan</Filter>
    </ClInclude>
    <ClInclude Include="..\public\Boss_Core.h">
      <Filter>02. Object\Enemy\Boss\Core</Filter>
    </ClInclude>
    <ClInclude Include="..\public\Boss_RightArm.h">
      <Filter>02. Object\Enemy\Boss\RightArm</Filter>
    </ClInclude>
    <ClInclude Include="..\public\Boss_Head.h">
      <Filter>02. Object\Enemy\Boss\Head</Filter>
    </ClInclude>
    <ClInclude Include="..\public\Boss_LeftArm.h">
      <Filter>02. Object\Enemy\Boss\LeftArm</Filter>
    </ClInclude>
    <ClInclude Include="..\public\Fracture.h">
      <Filter>02. Object\Fracture</Filter>
    </ClInclude>
    <ClInclude Include="..\public\BossArmProjectile.h">
      <Filter>02. Object\Projectile\BossArmProjectile</Filter>
    </ClInclude>
    <ClInclude Include="..\public\BossPillar.h">
      <Filter>02. Object\Enemy\Boss\BossPillar</Filter>
    </ClInclude>
    <ClInclude Include="..\public\BossStoneProjectile.h">
      <Filter>02. Object\Projectile\BossStoneProjectile</Filter>
    </ClInclude>
    <ClInclude Include="..\public\Stage1.h">
      <Filter>01. Level\Stage1</Filter>
    </ClInclude>
    <ClInclude Include="..\public\StageBoss.h">
      <Filter>01. Level\Stage Boss</Filter>
    </ClInclude>
    <ClInclude Include="..\public\LogoText.h">
      <Filter>02. Object\UIObject\LogoText</Filter>
    </ClInclude>
    <ClInclude Include="..\public\LogoFire.h">
      <Filter>02. Object\UIObject\LogoFire</Filter>
    </ClInclude>
    <ClInclude Include="..\public\DropWeapon.h">
      <Filter>02. Object\Item\DropWeapon</Filter>
    </ClInclude>
    <ClInclude Include="..\public\Dynamite.h">
      <Filter>02. Object\Projectile\Dynamite</Filter>
    </ClInclude>
    <ClInclude Include="..\public\Item.h">
      <Filter>02. Object\Item</Filter>
    </ClInclude>
    <ClInclude Include="..\public\PlayerInteractionComponent.h">
      <Filter>03. Object Component\PlayerInteraction Component</Filter>
    </ClInclude>
    <ClInclude Include="..\public\Command_ChangeLevel.h">
      <Filter>98. Etc\Command\ChangeLevel</Filter>
    </ClInclude>
    <ClInclude Include="..\public\Prism.h">
      <Filter>02. Object\Player\Weapon\Prism</Filter>
    </ClInclude>
    <ClInclude Include="..\public\PrismProjectile.h">
      <Filter>02. Object\Projectile\PrismProjectile</Filter>
    </ClInclude>
    <ClInclude Include="..\public\Soldier_Sword.h">
      <Filter>02. Object\Enemy\Soldier\Sword</Filter>
    </ClInclude>
    <ClInclude Include="..\public\CrossbowMan.h">
      <Filter>02. Object\Enemy\CrossbowMan</Filter>
    </ClInclude>
    <ClInclude Include="..\public\SpearMan_Head.h">
      <Filter>02. Object\Enemy\SpearMan\Head</Filter>
    </ClInclude>
    <ClInclude Include="..\public\CrossbowMan_Head.h">
      <Filter>02. Object\Enemy\CrossbowMan\Head</Filter>
    </ClInclude>
    <ClInclude Include="..\public\SpearMan_Spear.h">
      <Filter>02. Object\Enemy\SpearMan\Spear</Filter>
    </ClInclude>
    <ClInclude Include="..\public\Chest.h">
      <Filter>02. Object\Map Object\Chest</Filter>
    </ClInclude>
    <ClInclude Include="..\public\Ammo.h">
      <Filter>02. Object\Item\Ammo</Filter>
    </ClInclude>
    <ClInclude Include="..\public\Coin.h">
      <Filter>02. Object\Item\Coin</Filter>
    </ClInclude>
    <ClInclude Include="..\public\Dumpling.h">
      <Filter>02. Object\Item\Dumpling</Filter>
    </ClInclude>
    <ClInclude Include="..\public\CrosshairController.h">
      <Filter>02. Object\Player\Crosshair Controller</Filter>
    </ClInclude>
    <ClInclude Include="..\public\PlayerPanel.h">
      <Filter>02. Object\UIObject\PlayerPanel</Filter>
    </ClInclude>
    <ClInclude Include="..\public\PlayerIcon.h">
      <Filter>02. Object\UIObject\PlayerPanel\PlayerIcon</Filter>
    </ClInclude>
    <ClInclude Include="..\public\WeaponPanel.h">
      <Filter>02. Object\UIObject\WeaponPanel</Filter>
    </ClInclude>
    <ClInclude Include="..\public\WeaponIcon.h">
      <Filter>02. Object\UIObject\WeaponPanel\WeaponIcon</Filter>
    </ClInclude>
    <ClInclude Include="..\public\Bar.h">
      <Filter>02. Object\UIObject\Bar</Filter>
    </ClInclude>
    <ClInclude Include="..\public\WeaponSlot.h">
      <Filter>02. Object\UIObject\WeaponPanel\WeaponSlot</Filter>
    </ClInclude>
    <ClInclude Include="..\public\SlotNum.h">
      <Filter>02. Object\UIObject\WeaponPanel\SlotNum</Filter>
    </ClInclude>
    <ClInclude Include="..\public\SkillPanel.h">
      <Filter>02. Object\UIObject\SkillPanel</Filter>
    </ClInclude>
    <ClInclude Include="..\public\DashIcon.h">
      <Filter>02. Object\UIObject\SkillPanel\DashIcon</Filter>
    </ClInclude>
    <ClInclude Include="..\public\EffectBackground.h">
      <Filter>02. Object\UIObject\EffectBackground</Filter>
    </ClInclude>
    <ClInclude Include="..\public\CountNumber.h">
      <Filter>02. Object\UIObject\CountNumber</Filter>
    </ClInclude>
    <ClInclude Include="..\public\DamageFont.h">
      <Filter>02. Object\DamageFont</Filter>
    </ClInclude>
    <ClInclude Include="..\public\Cross.h">
      <Filter>02. Object\UIObject\Cross</Filter>
    </ClInclude>
  </ItemGroup>
  <ItemGroup>
    <ClCompile Include="Client.cpp">
      <Filter>99. Executable</Filter>
    </ClCompile>
    <ClCompile Include="pch.cpp">
      <Filter>98. Etc\pch</Filter>
    </ClCompile>
    <ClCompile Include="..\private\MainApp.cpp">
      <Filter>00. MainApp</Filter>
    </ClCompile>
    <ClCompile Include="..\private\LoadingLevel.cpp">
      <Filter>01. Level\LoadingLevel</Filter>
    </ClCompile>
    <ClCompile Include="..\private\Loader.cpp">
      <Filter>01. Level\LoadingLevel\Loader</Filter>
    </ClCompile>
    <ClCompile Include="..\private\LogoLevel.cpp">
      <Filter>01. Level\LogoLevel</Filter>
    </ClCompile>
    <ClCompile Include="..\private\GamePlayLevel.cpp">
      <Filter>01. Level\GamePlayLevel</Filter>
    </ClCompile>
    <ClCompile Include="..\private\BackGround.cpp">
      <Filter>02. Object\UIObject\BackGround</Filter>
    </ClCompile>
    <ClCompile Include="..\private\ThirdCam.cpp">
      <Filter>02. Object\Camera\FreeCam</Filter>
    </ClCompile>
    <ClCompile Include="..\private\Terrain.cpp">
      <Filter>02. Object\Terrain</Filter>
    </ClCompile>
    <ClCompile Include="..\private\Sun.cpp">
      <Filter>02. Object\Light\Sun</Filter>
    </ClCompile>
    <ClCompile Include="..\private\Player.cpp">
      <Filter>02. Object\Player</Filter>
    </ClCompile>
    <ClCompile Include="..\private\PlayerCam.cpp">
      <Filter>02. Object\Player\PlayerCam</Filter>
    </ClCompile>
    <ClCompile Include="..\private\Hand.cpp">
      <Filter>02. Object\Player\Hand</Filter>
    </ClCompile>
    <ClCompile Include="..\private\Weapon.cpp">
      <Filter>02. Object\Player\Weapon</Filter>
    </ClCompile>
    <ClCompile Include="..\private\Cameleon.cpp">
      <Filter>02. Object\Player\Weapon\Cameleon</Filter>
    </ClCompile>
    <ClCompile Include="..\private\PlayerAnimController.cpp">
      <Filter>03. Object Component\PlayerAnim Controller Component</Filter>
    </ClCompile>
    <ClCompile Include="..\private\ConcealedAmmo.cpp">
      <Filter>02. Object\Player\Weapon\ConcealedAmmo</Filter>
    </ClCompile>
    <ClCompile Include="..\private\IcySpear.cpp">
      <Filter>02. Object\Player\Weapon\IcySpear</Filter>
    </ClCompile>
    <ClCompile Include="..\private\SkyBox.cpp">
      <Filter>02. Object\SkyBox</Filter>
    </ClCompile>
    <ClCompile Include="..\private\BossStage.cpp">
      <Filter>02. Object\Map Object\BossMap</Filter>
    </ClCompile>
    <ClCompile Include="..\private\PoisonousGhost.cpp">
      <Filter>02. Object\Player\Weapon\PoisonousGhost</Filter>
    </ClCompile>
    <ClCompile Include="..\private\BobbingController.cpp">
      <Filter>02. Object\Player\Hand\Bobbing Controller</Filter>
    </ClCompile>
    <ClCompile Include="..\private\HorseHead.cpp">
      <Filter>02. Object\Enemy\HorseHead</Filter>
    </ClCompile>
    <ClCompile Include="..\private\Boss.cpp">
      <Filter>02. Object\Enemy\Boss</Filter>
    </ClCompile>
    <ClCompile Include="..\private\Foundry.cpp">
      <Filter>02. Object\Player\Weapon\Foundry</Filter>
    </ClCompile>
    <ClCompile Include="..\private\Bomber.cpp">
      <Filter>02. Object\Enemy\Bomber</Filter>
    </ClCompile>
    <ClCompile Include="..\private\HorseHead_Shield.cpp">
      <Filter>02. Object\Enemy\HorseHead\Shield</Filter>
    </ClCompile>
    <ClCompile Include="..\private\HorseHead_Sword.cpp">
      <Filter>02. Object\Enemy\HorseHead\Sword</Filter>
    </ClCompile>
    <ClCompile Include="..\private\HorseHead_Head.cpp">
      <Filter>02. Object\Enemy\HorseHead\Head</Filter>
    </ClCompile>
    <ClCompile Include="..\private\Enemy.cpp">
      <Filter>02. Object\Enemy</Filter>
    </ClCompile>
    <ClCompile Include="..\private\Soldier.cpp">
      <Filter>02. Object\Enemy\Soldier</Filter>
    </ClCompile>
    <ClCompile Include="..\private\StatusComponent.cpp">
      <Filter>03. Object Component\Status Component</Filter>
    </ClCompile>
    <ClCompile Include="..\private\StaticMapObject.cpp">
      <Filter>02. Object\Map Object\Static Map Object</Filter>
    </ClCompile>
    <ClCompile Include="..\private\Door.cpp">
      <Filter>02. Object\Map Object\Door</Filter>
    </ClCompile>
    <ClCompile Include="..\private\Door_L.cpp">
      <Filter>02. Object\Map Object\Door\Door_L</Filter>
    </ClCompile>
    <ClCompile Include="..\private\Door_R.cpp">
      <Filter>02. Object\Map Object\Door\Door_R</Filter>
    </ClCompile>
    <ClCompile Include="..\private\Soldier_Head.cpp">
      <Filter>02. Object\Enemy\Soldier\Head</Filter>
    </ClCompile>
    <ClCompile Include="..\private\Projectile.cpp">
      <Filter>02. Object\Projectile</Filter>
    </ClCompile>
    <ClCompile Include="..\private\DefaultBullet.cpp">
      <Filter>02. Object\Projectile\Default Bullet</Filter>
    </ClCompile>
    <ClCompile Include="..\private\EnemySpawner.cpp">
      <Filter>02. Object\Map Object\Enemy Spawner</Filter>
    </ClCompile>
    <ClCompile Include="..\private\Decal.cpp">
      <Filter>02. Object\Decal</Filter>
    </ClCompile>
    <ClCompile Include="..\private\Crosshair.cpp">
      <Filter>02. Object\UIObject\Crosshair</Filter>
    </ClCompile>
    <ClCompile Include="..\private\SpearMan.cpp">
      <Filter>02. Object\Enemy\SpearMan</Filter>
    </ClCompile>
    <ClCompile Include="..\private\Boss_Core.cpp">
      <Filter>02. Object\Enemy\Boss\Core</Filter>
    </ClCompile>
    <ClCompile Include="..\private\Boss_RightArm.cpp">
      <Filter>02. Object\Enemy\Boss\RightArm</Filter>
    </ClCompile>
    <ClCompile Include="..\private\Boss_Head.cpp">
      <Filter>02. Object\Enemy\Boss\Head</Filter>
    </ClCompile>
    <ClCompile Include="..\private\Boss_LeftArm.cpp">
      <Filter>02. Object\Enemy\Boss\LeftArm</Filter>
    </ClCompile>
    <ClCompile Include="..\private\Fracture.cpp">
      <Filter>02. Object\Fracture</Filter>
    </ClCompile>
    <ClCompile Include="..\private\BossArmProjectile.cpp">
      <Filter>02. Object\Projectile\BossArmProjectile</Filter>
    </ClCompile>
    <ClCompile Include="..\private\BossPillar.cpp">
      <Filter>02. Object\Enemy\Boss\BossPillar</Filter>
    </ClCompile>
    <ClCompile Include="..\private\BossStoneProjectile.cpp">
      <Filter>02. Object\Projectile\BossStoneProjectile</Filter>
    </ClCompile>
    <ClCompile Include="..\private\Stage1.cpp">
      <Filter>01. Level\Stage1</Filter>
    </ClCompile>
    <ClCompile Include="..\private\StageBoss.cpp">
      <Filter>01. Level\Stage Boss</Filter>
    </ClCompile>
    <ClCompile Include="..\private\LogoText.cpp">
      <Filter>02. Object\UIObject\LogoText</Filter>
    </ClCompile>
    <ClCompile Include="..\private\LogoFire.cpp">
      <Filter>02. Object\UIObject\LogoFire</Filter>
    </ClCompile>
    <ClCompile Include="..\private\DropWeapon.cpp">
      <Filter>02. Object\Item\DropWeapon</Filter>
    </ClCompile>
    <ClCompile Include="..\private\Dynamite.cpp">
      <Filter>02. Object\Projectile\Dynamite</Filter>
    </ClCompile>
    <ClCompile Include="..\private\Item.cpp">
      <Filter>02. Object\Item</Filter>
    </ClCompile>
    <ClCompile Include="..\private\PlayerInteractionComponent.cpp">
      <Filter>03. Object Component\PlayerInteraction Component</Filter>
    </ClCompile>
    <ClCompile Include="..\private\Command_ChangeLevel.cpp">
      <Filter>98. Etc\Command\ChangeLevel</Filter>
    </ClCompile>
    <ClCompile Include="..\private\Prism.cpp">
      <Filter>02. Object\Player\Weapon\Prism</Filter>
    </ClCompile>
    <ClCompile Include="..\private\PrismProjectile.cpp">
      <Filter>02. Object\Projectile\PrismProjectile</Filter>
    </ClCompile>
    <ClCompile Include="..\private\Soldier_Sword.cpp">
      <Filter>02. Object\Enemy\Soldier\Sword</Filter>
    </ClCompile>
    <ClCompile Include="..\private\CrossbowMan.cpp">
      <Filter>02. Object\Enemy\CrossbowMan</Filter>
    </ClCompile>
    <ClCompile Include="..\private\SpearMan_Head.cpp">
      <Filter>02. Object\Enemy\SpearMan\Head</Filter>
    </ClCompile>
    <ClCompile Include="..\private\CrossbowMan_Head.cpp">
      <Filter>02. Object\Enemy\CrossbowMan\Head</Filter>
    </ClCompile>
    <ClCompile Include="..\private\SpearMan_Spear.cpp">
      <Filter>02. Object\Enemy\SpearMan\Spear</Filter>
    </ClCompile>
    <ClCompile Include="..\private\Chest.cpp">
      <Filter>02. Object\Map Object\Chest</Filter>
    </ClCompile>
    <ClCompile Include="..\private\Ammo.cpp">
      <Filter>02. Object\Item\Ammo</Filter>
    </ClCompile>
    <ClCompile Include="..\private\Coin.cpp">
      <Filter>02. Object\Item\Coin</Filter>
    </ClCompile>
    <ClCompile Include="..\private\Dumpling.cpp">
      <Filter>02. Object\Item\Dumpling</Filter>
    </ClCompile>
    <ClCompile Include="..\private\CrosshairController.cpp">
      <Filter>02. Object\Player\Crosshair Controller</Filter>
    </ClCompile>
    <ClCompile Include="..\private\PlayerPanel.cpp">
      <Filter>02. Object\UIObject\PlayerPanel</Filter>
    </ClCompile>
    <ClCompile Include="..\private\PlayerIcon.cpp">
      <Filter>02. Object\UIObject\PlayerPanel\PlayerIcon</Filter>
    </ClCompile>
    <ClCompile Include="..\private\WeaponPanel.cpp">
      <Filter>02. Object\UIObject\WeaponPanel</Filter>
    </ClCompile>
    <ClCompile Include="..\private\WeaponIcon.cpp">
      <Filter>02. Object\UIObject\WeaponPanel\WeaponIcon</Filter>
    </ClCompile>
    <ClCompile Include="..\private\Bar.cpp">
      <Filter>02. Object\UIObject\Bar</Filter>
    </ClCompile>
    <ClCompile Include="..\private\WeaponSlot.cpp">
      <Filter>02. Object\UIObject\WeaponPanel\WeaponSlot</Filter>
    </ClCompile>
    <ClCompile Include="..\private\SlotNum.cpp">
      <Filter>02. Object\UIObject\WeaponPanel\SlotNum</Filter>
    </ClCompile>
    <ClCompile Include="..\private\SkillPanel.cpp">
      <Filter>02. Object\UIObject\SkillPanel</Filter>
    </ClCompile>
    <ClCompile Include="..\private\DashIcon.cpp">
      <Filter>02. Object\UIObject\SkillPanel\DashIcon</Filter>
    </ClCompile>
    <ClCompile Include="..\private\EffectBackground.cpp">
      <Filter>02. Object\UIObject\EffectBackground</Filter>
    </ClCompile>
    <ClCompile Include="..\private\CountNumber.cpp">
      <Filter>02. Object\UIObject\CountNumber</Filter>
    </ClCompile>
    <ClCompile Include="..\private\DamageFont.cpp">
      <Filter>02. Object\DamageFont</Filter>
    </ClCompile>
    <ClCompile Include="..\private\Cross.cpp">
      <Filter>02. Object\UIObject\Cross</Filter>
    </ClCompile>
  </ItemGroup>
  <ItemGroup>
    <Image Include="Client.ico">
      <Filter>98. Etc\Header</Filter>
    </Image>
    <Image Include="small.ico">
      <Filter>98. Etc\Header</Filter>
    </Image>
  </ItemGroup>
  <ItemGroup>
    <ResourceCompile Include="Client.rc">
      <Filter>98. Etc\Header</Filter>
    </ResourceCompile>
  </ItemGroup>
  <ItemGroup>
    <FxCompile Include="..\bin\shaderfiles\Shader_VtxTex.hlsl">
      <Filter>98. Etc\ShaderFiles</Filter>
    </FxCompile>
    <FxCompile Include="..\bin\shaderfiles\Shader_VtxCube.hlsl">
      <Filter>98. Etc\ShaderFiles</Filter>
    </FxCompile>
    <FxCompile Include="..\bin\shaderfiles\Shader_VtxNorTex.hlsl">
      <Filter>98. Etc\ShaderFiles</Filter>
    </FxCompile>
    <FxCompile Include="..\bin\shaderfiles\Shader_VtxSkinnedMesh.hlsl">
      <Filter>98. Etc\ShaderFiles</Filter>
    </FxCompile>
  </ItemGroup>
  <ItemGroup>
    <None Include="..\bin\shaderfiles\Shader_VtxMesh.hlsl">
      <Filter>98. Etc\ShaderFiles</Filter>
    </None>
  </ItemGroup>
</Project>