<?xml version="1.0" encoding="utf-8"?>
<Project ToolsVersion="4.0" xmlns="http://schemas.microsoft.com/developer/msbuild/2003">
  <ItemGroup>
    <Filter Include="98. Etc">
      <UniqueIdentifier>{25b66162-15ca-4e9c-9170-c38f973d3058}</UniqueIdentifier>
    </Filter>
    <Filter Include="99. Executable">
      <UniqueIdentifier>{14e48c5f-09ed-410c-98fe-261d7655ca94}</UniqueIdentifier>
    </Filter>
    <Filter Include="98. Etc\pch">
      <UniqueIdentifier>{fb1b3b4f-795a-44c4-aec4-2ff154d857c6}</UniqueIdentifier>
    </Filter>
    <Filter Include="98. Etc\Header">
      <UniqueIdentifier>{f986dca1-824d-43fe-b475-46f327e0a681}</UniqueIdentifier>
    </Filter>
    <Filter Include="98. Etc\Defines">
      <UniqueIdentifier>{cd3f5bf7-949d-4bdb-89c2-07f866a15574}</UniqueIdentifier>
    </Filter>
    <Filter Include="00. MainApp">
      <UniqueIdentifier>{e31af5ec-532f-42bb-b70c-76af6b31041a}</UniqueIdentifier>
    </Filter>
    <Filter Include="01. Level">
      <UniqueIdentifier>{4f65f713-3328-477d-9b39-1bce365e8498}</UniqueIdentifier>
    </Filter>
    <Filter Include="02. Object">
      <UniqueIdentifier>{738b893f-244c-415e-b505-446b6d4fb4aa}</UniqueIdentifier>
    </Filter>
    <Filter Include="02. Object\TestCube">
      <UniqueIdentifier>{ee3bf53e-3d0e-4d47-a3bb-f40142af3f83}</UniqueIdentifier>
    </Filter>
  </ItemGroup>
  <ItemGroup>
    <ClInclude Include="pch.h">
      <Filter>98. Etc\pch</Filter>
    </ClInclude>
    <ClInclude Include="Client.h">
      <Filter>98. Etc\Header</Filter>
    </ClInclude>
    <ClInclude Include="framework.h">
      <Filter>98. Etc\Header</Filter>
    </ClInclude>
    <ClInclude Include="Resource.h">
      <Filter>98. Etc\Header</Filter>
    </ClInclude>
    <ClInclude Include="targetver.h">
      <Filter>98. Etc\Header</Filter>
    </ClInclude>
    <ClInclude Include="..\public\Client_Defines.h">
      <Filter>98. Etc\Defines</Filter>
    </ClInclude>
    <ClInclude Include="..\public\MainApp.h">
      <Filter>00. MainApp</Filter>
    </ClInclude>
    <ClInclude Include="..\public\TestCube.h">
      <Filter>02. Object\TestCube</Filter>
    </ClInclude>
  </ItemGroup>
  <ItemGroup>
    <ClCompile Include="Client.cpp">
      <Filter>99. Executable</Filter>
    </ClCompile>
    <ClCompile Include="pch.cpp">
      <Filter>98. Etc\pch</Filter>
    </ClCompile>
    <ClCompile Include="..\private\MainApp.cpp">
      <Filter>00. MainApp</Filter>
    </ClCompile>
    <ClCompile Include="..\private\TestCube.cpp">
      <Filter>02. Object\TestCube</Filter>
    </ClCompile>
  </ItemGroup>
  <ItemGroup>
    <Image Include="Client.ico">
      <Filter>98. Etc\Header</Filter>
    </Image>
    <Image Include="small.ico">
      <Filter>98. Etc\Header</Filter>
    </Image>
  </ItemGroup>
  <ItemGroup>
    <ResourceCompile Include="Client.rc">
      <Filter>98. Etc\Header</Filter>
    </ResourceCompile>
  </ItemGroup>
</Project>